// !$*UTF8*$!
{
	archiveVersion = 1;
	classes = {
	};
	objectVersion = 50;
	objects = {

/* Begin PBXBuildFile section */
		DC637FE427DE234B00CD9E23 /* AppDelegate.swift in Sources */ = {isa = PBXBuildFile; fileRef = DC637FE327DE234B00CD9E23 /* AppDelegate.swift */; };
		DC637FE627DE234B00CD9E23 /* SceneDelegate.swift in Sources */ = {isa = PBXBuildFile; fileRef = DC637FE527DE234B00CD9E23 /* SceneDelegate.swift */; };
		DC637FE827DE234B00CD9E23 /* ViewController.swift in Sources */ = {isa = PBXBuildFile; fileRef = DC637FE727DE234B00CD9E23 /* ViewController.swift */; };
		DC637FEB27DE234B00CD9E23 /* Main.storyboard in Resources */ = {isa = PBXBuildFile; fileRef = DC637FE927DE234B00CD9E23 /* Main.storyboard */; };
		DC637FED27DE234C00CD9E23 /* Assets.xcassets in Resources */ = {isa = PBXBuildFile; fileRef = DC637FEC27DE234C00CD9E23 /* Assets.xcassets */; };
		DC637FF027DE234C00CD9E23 /* LaunchScreen.storyboard in Resources */ = {isa = PBXBuildFile; fileRef = DC637FEE27DE234C00CD9E23 /* LaunchScreen.storyboard */; };
		DC8CE4EB27E06A8A008AECF7 /* Urunler.swift in Sources */ = {isa = PBXBuildFile; fileRef = DC8CE4EA27E06A8A008AECF7 /* Urunler.swift */; };
		DC8CE4ED27E073D1008AECF7 /* UrunlerCollectionViewCell.swift in Sources */ = {isa = PBXBuildFile; fileRef = DC8CE4EC27E073D1008AECF7 /* UrunlerCollectionViewCell.swift */; };
/* End PBXBuildFile section */

/* Begin PBXFileReference section */
		DC637FE027DE234B00CD9E23 /* dolapClone.app */ = {isa = PBXFileReference; explicitFileType = wrapper.application; includeInIndex = 0; path = dolapClone.app; sourceTree = BUILT_PRODUCTS_DIR; };
		DC637FE327DE234B00CD9E23 /* AppDelegate.swift */ = {isa = PBXFileReference; lastKnownFileType = sourcecode.swift; path = AppDelegate.swift; sourceTree = "<group>"; };
		DC637FE527DE234B00CD9E23 /* SceneDelegate.swift */ = {isa = PBXFileReference; lastKnownFileType = sourcecode.swift; path = SceneDelegate.swift; sourceTree = "<group>"; };
		DC637FE727DE234B00CD9E23 /* ViewController.swift */ = {isa = PBXFileReference; lastKnownFileType = sourcecode.swift; path = ViewController.swift; sourceTree = "<group>"; };
		DC637FEA27DE234B00CD9E23 /* Base */ = {isa = PBXFileReference; lastKnownFileType = file.storyboard; name = Base; path = Base.lproj/Main.storyboard; sourceTree = "<group>"; };
		DC637FEC27DE234C00CD9E23 /* Assets.xcassets */ = {isa = PBXFileReference; lastKnownFileType = folder.assetcatalog; path = Assets.xcassets; sourceTree = "<group>"; };
		DC637FEF27DE234C00CD9E23 /* Base */ = {isa = PBXFileReference; lastKnownFileType = file.storyboard; name = Base; path = Base.lproj/LaunchScreen.storyboard; sourceTree = "<group>"; };
		DC637FF127DE234C00CD9E23 /* Info.plist */ = {isa = PBXFileReference; lastKnownFileType = text.plist.xml; path = Info.plist; sourceTree = "<group>"; };
		DC8CE4EA27E06A8A008AECF7 /* Urunler.swift */ = {isa = PBXFileReference; lastKnownFileType = sourcecode.swift; path = Urunler.swift; sourceTree = "<group>"; };
		DC8CE4EC27E073D1008AECF7 /* UrunlerCollectionViewCell.swift */ = {isa = PBXFileReference; lastKnownFileType = sourcecode.swift; path = UrunlerCollectionViewCell.swift; sourceTree = "<group>"; };
/* End PBXFileReference section */

/* Begin PBXFrameworksBuildPhase section */
		DC637FDD27DE234B00CD9E23 /* Frameworks */ = {
			isa = PBXFrameworksBuildPhase;
			buildActionMask = 2147483647;
			files = (
			);
			runOnlyForDeploymentPostprocessing = 0;
		};
/* End PBXFrameworksBuildPhase section */

/* Begin PBXGroup section */
		DC637FD727DE234B00CD9E23 = {
			isa = PBXGroup;
			children = (
				DC637FE227DE234B00CD9E23 /* dolapClone */,
				DC637FE127DE234B00CD9E23 /* Products */,
			);
			sourceTree = "<group>";
		};
		DC637FE127DE234B00CD9E23 /* Products */ = {
			isa = PBXGroup;
			children = (
				DC637FE027DE234B00CD9E23 /* dolapClone.app */,
			);
			name = Products;
			sourceTree = "<group>";
		};
		DC637FE227DE234B00CD9E23 /* dolapClone */ = {
			isa = PBXGroup;
			children = (
				DC637FE327DE234B00CD9E23 /* AppDelegate.swift */,
				DC637FE527DE234B00CD9E23 /* SceneDelegate.swift */,
				DC637FE727DE234B00CD9E23 /* ViewController.swift */,
				DC637FE927DE234B00CD9E23 /* Main.storyboard */,
				DC8CE4EC27E073D1008AECF7 /* UrunlerCollectionViewCell.swift */,
				DC8CE4EA27E06A8A008AECF7 /* Urunler.swift */,
				DC637FEC27DE234C00CD9E23 /* Assets.xcassets */,
				DC637FEE27DE234C00CD9E23 /* LaunchScreen.storyboard */,
				DC637FF127DE234C00CD9E23 /* Info.plist */,
			);
			path = dolapClone;
			sourceTree = "<group>";
		};
/* End PBXGroup section */

/* Begin PBXNativeTarget section */
		DC637FDF27DE234B00CD9E23 /* dolapClone */ = {
			isa = PBXNativeTarget;
			buildConfigurationList = DC637FF427DE234C00CD9E23 /* Build configuration list for PBXNativeTarget "dolapClone" */;
			buildPhases = (
				DC637FDC27DE234B00CD9E23 /* Sources */,
				DC637FDD27DE234B00CD9E23 /* Frameworks */,
				DC637FDE27DE234B00CD9E23 /* Resources */,
			);
			buildRules = (
			);
			dependencies = (
			);
			name = dolapClone;
			productName = dolapClone;
			productReference = DC637FE027DE234B00CD9E23 /* dolapClone.app */;
			productType = "com.apple.product-type.application";
		};
/* End PBXNativeTarget section */

/* Begin PBXProject section */
		DC637FD827DE234B00CD9E23 /* Project object */ = {
			isa = PBXProject;
			attributes = {
				LastSwiftUpdateCheck = 1250;
				LastUpgradeCheck = 1250;
				TargetAttributes = {
					DC637FDF27DE234B00CD9E23 = {
						CreatedOnToolsVersion = 12.5.1;
					};
				};
			};
			buildConfigurationList = DC637FDB27DE234B00CD9E23 /* Build configuration list for PBXProject "dolapClone" */;
			compatibilityVersion = "Xcode 9.3";
			developmentRegion = en;
			hasScannedForEncodings = 0;
			knownRegions = (
				en,
				Base,
			);
			mainGroup = DC637FD727DE234B00CD9E23;
			productRefGroup = DC637FE127DE234B00CD9E23 /* Products */;
			projectDirPath = "";
			projectRoot = "";
			targets = (
				DC637FDF27DE234B00CD9E23 /* dolapClone */,
			);
		};
/* End PBXProject section */

/* Begin PBXResourcesBuildPhase section */
		DC637FDE27DE234B00CD9E23 /* Resources */ = {
			isa = PBXResourcesBuildPhase;
			buildActionMask = 2147483647;
			files = (
				DC637FF027DE234C00CD9E23 /* LaunchScreen.storyboard in Resources */,
				DC637FED27DE234C00CD9E23 /* Assets.xcassets in Resources */,
				DC637FEB27DE234B00CD9E23 /* Main.storyboard in Resources */,
			);
			runOnlyForDeploymentPostprocessing = 0;
		};
/* End PBXResourcesBuildPhase section */

/* Begin PBXSourcesBuildPhase section */
		DC637FDC27DE234B00CD9E23 /* Sources */ = {
			isa = PBXSourcesBuildPhase;
			buildActionMask = 2147483647;
			files = (
				DC637FE827DE234B00CD9E23 /* ViewController.swift in Sources */,
				DC8CE4EB27E06A8A008AECF7 /* Urunler.swift in Sources */,
				DC637FE427DE234B00CD9E23 /* AppDelegate.swift in Sources */,
				DC637FE627DE234B00CD9E23 /* SceneDelegate.swift in Sources */,
				DC8CE4ED27E073D1008AECF7 /* UrunlerCollectionViewCell.swift in Sources */,
			);
			runOnlyForDeploymentPostprocessing = 0;
		};
/* End PBXSourcesBuildPhase section */

/* Begin PBXVariantGroup section */
		DC637FE927DE234B00CD9E23 /* Main.storyboard */ = {
			isa = PBXVariantGroup;
			children = (
				DC637FEA27DE234B00CD9E23 /* Base */,
			);
			name = Main.storyboard;
			sourceTree = "<group>";
		};
		DC637FEE27DE234C00CD9E23 /* LaunchScreen.storyboard */ = {
			isa = PBXVariantGroup;
			children = (
				DC637FEF27DE234C00CD9E23 /* Base */,
			);
			name = LaunchScreen.storyboard;
			sourceTree = "<group>";
		};
/* End PBXVariantGroup section */

/* Begin XCBuildConfiguration section */
		DC637FF227DE234C00CD9E23 /* Debug */ = {
			isa = XCBuildConfiguration;
			buildSettings = {
				ALWAYS_SEARCH_USER_PATHS = NO;
				CLANG_ANALYZER_NONNULL = YES;
				CLANG_ANALYZER_NUMBER_OBJECT_CONVERSION = YES_AGGRESSIVE;
				CLANG_CXX_LANGUAGE_STANDARD = "gnu++14";
				CLANG_CXX_LIBRARY = "libc++";
				CLANG_ENABLE_MODULES = YES;
				CLANG_ENABLE_OBJC_ARC = YES;
				CLANG_ENABLE_OBJC_WEAK = YES;
				CLANG_WARN_BLOCK_CAPTURE_AUTORELEASING = YES;
				CLANG_WARN_BOOL_CONVERSION = YES;
				CLANG_WARN_COMMA = YES;
				CLANG_WARN_CONSTANT_CONVERSION = YES;
				CLANG_WARN_DEPRECATED_OBJC_IMPLEMENTATIONS = YES;
				CLANG_WARN_DIRECT_OBJC_ISA_USAGE = YES_ERROR;
				CLANG_WARN_DOCUMENTATION_COMMENTS = YES;
				CLANG_WARN_EMPTY_BODY = YES;
				CLANG_WARN_ENUM_CONVERSION = YES;
				CLANG_WARN_INFINITE_RECURSION = YES;
				CLANG_WARN_INT_CONVERSION = YES;
				CLANG_WARN_NON_LITERAL_NULL_CONVERSION = YES;
				CLANG_WARN_OBJC_IMPLICIT_RETAIN_SELF = YES;
				CLANG_WARN_OBJC_LITERAL_CONVERSION = YES;
				CLANG_WARN_OBJC_ROOT_CLASS = YES_ERROR;
				CLANG_WARN_QUOTED_INCLUDE_IN_FRAMEWORK_HEADER = YES;
				CLANG_WARN_RANGE_LOOP_ANALYSIS = YES;
				CLANG_WARN_STRICT_PROTOTYPES = YES;
				CLANG_WARN_SUSPICIOUS_MOVE = YES;
				CLANG_WARN_UNGUARDED_AVAILABILITY = YES_AGGRESSIVE;
				CLANG_WARN_UNREACHABLE_CODE = YES;
				CLANG_WARN__DUPLICATE_METHOD_MATCH = YES;
				COPY_PHASE_STRIP = NO;
				DEBUG_INFORMATION_FORMAT = dwarf;
				ENABLE_STRICT_OBJC_MSGSEND = YES;
				ENABLE_TESTABILITY = YES;
				GCC_C_LANGUAGE_STANDARD = gnu11;
				GCC_DYNAMIC_NO_PIC = NO;
				GCC_NO_COMMON_BLOCKS = YES;
				GCC_OPTIMIZATION_LEVEL = 0;
				GCC_PREPROCESSOR_DEFINITIONS = (
					"DEBUG=1",
					"$(inherited)",
				);
				GCC_WARN_64_TO_32_BIT_CONVERSION = YES;
				GCC_WARN_ABOUT_RETURN_TYPE = YES_ERROR;
				GCC_WARN_UNDECLARED_SELECTOR = YES;
				GCC_WARN_UNINITIALIZED_AUTOS = YES_AGGRESSIVE;
				GCC_WARN_UNUSED_FUNCTION = YES;
				GCC_WARN_UNUSED_VARIABLE = YES;
				IPHONEOS_DEPLOYMENT_TARGET = 14.5;
				MTL_ENABLE_DEBUG_INFO = INCLUDE_SOURCE;
				MTL_FAST_MATH = YES;
				ONLY_ACTIVE_ARCH = YES;
				SDKROOT = iphoneos;
				SWIFT_ACTIVE_COMPILATION_CONDITIONS = DEBUG;
				SWIFT_OPTIMIZATION_LEVEL = "-Onone";
			};
			name = Debug;
		};
		DC637FF327DE234C00CD9E23 /* Release */ = {
			isa = XCBuildConfiguration;
			buildSettings = {
				ALWAYS_SEARCH_USER_PATHS = NO;
				CLANG_ANALYZER_NONNULL = YES;
				CLANG_ANALYZER_NUMBER_OBJECT_CONVERSION = YES_AGGRESSIVE;
				CLANG_CXX_LANGUAGE_STANDARD = "gnu++14";
				CLANG_CXX_LIBRARY = "libc++";
				CLANG_ENABLE_MODULES = YES;
				CLANG_ENABLE_OBJC_ARC = YES;
				CLANG_ENABLE_OBJC_WEAK = YES;
				CLANG_WARN_BLOCK_CAPTURE_AUTORELEASING = YES;
				CLANG_WARN_BOOL_CONVERSION = YES;
				CLANG_WARN_COMMA = YES;
				CLANG_WARN_CONSTANT_CONVERSION = YES;
				CLANG_WARN_DEPRECATED_OBJC_IMPLEMENTATIONS = YES;
				CLANG_WARN_DIRECT_OBJC_ISA_USAGE = YES_ERROR;
				CLANG_WARN_DOCUMENTATION_COMMENTS = YES;
				CLANG_WARN_EMPTY_BODY = YES;
				CLANG_WARN_ENUM_CONVERSION = YES;
				CLANG_WARN_INFINITE_RECURSION = YES;
				CLANG_WARN_INT_CONVERSION = YES;
				CLANG_WARN_NON_LITERAL_NULL_CONVERSION = YES;
				CLANG_WARN_OBJC_IMPLICIT_RETAIN_SELF = YES;
				CLANG_WARN_OBJC_LITERAL_CONVERSION = YES;
				CLANG_WARN_OBJC_ROOT_CLASS = YES_ERROR;
				CLANG_WARN_QUOTED_INCLUDE_IN_FRAMEWORK_HEADER = YES;
				CLANG_WARN_RANGE_LOOP_ANALYSIS = YES;
				CLANG_WARN_STRICT_PROTOTYPES = YES;
				CLANG_WARN_SUSPICIOUS_MOVE = YES;
				CLANG_WARN_UNGUARDED_AVAILABILITY = YES_AGGRESSIVE;
				CLANG_WARN_UNREACHABLE_CODE = YES;
				CLANG_WARN__DUPLICATE_METHOD_MATCH = YES;
				COPY_PHASE_STRIP = NO;
				DEBUG_INFORMATION_FORMAT = "dwarf-with-dsym";
				ENABLE_NS_ASSERTIONS = NO;
				ENABLE_STRICT_OBJC_MSGSEND = YES;
				GCC_C_LANGUAGE_STANDARD = gnu11;
				GCC_NO_COMMON_BLOCKS = YES;
				GCC_WARN_64_TO_32_BIT_CONVERSION = YES;
				GCC_WARN_ABOUT_RETURN_TYPE = YES_ERROR;
				GCC_WARN_UNDECLARED_SELECTOR = YES;
				GCC_WARN_UNINITIALIZED_AUTOS = YES_AGGRESSIVE;
				GCC_WARN_UNUSED_FUNCTION = YES;
				GCC_WARN_UNUSED_VARIABLE = YES;
				IPHONEOS_DEPLOYMENT_TARGET = 14.5;
				MTL_ENABLE_DEBUG_INFO = NO;
				MTL_FAST_MATH = YES;
				SDKROOT = iphoneos;
				SWIFT_COMPILATION_MODE = wholemodule;
				SWIFT_OPTIMIZATION_LEVEL = "-O";
				VALIDATE_PRODUCT = YES;
			};
			name = Release;
		};
		DC637FF527DE234C00CD9E23 /* Debug */ = {
			isa = XCBuildConfiguration;
			buildSettings = {
				ASSETCATALOG_COMPILER_APPICON_NAME = AppIcon;
				ASSETCATALOG_COMPILER_GLOBAL_ACCENT_COLOR_NAME = AccentColor;
				CODE_SIGN_STYLE = Automatic;
				DEVELOPMENT_TEAM = NVN42XWXC5;
				INFOPLIST_FILE = dolapClone/Info.plist;
				LD_RUNPATH_SEARCH_PATHS = (
					"$(inherited)",
					"@executable_path/Frameworks",
				);
				PRODUCT_BUNDLE_IDENTIFIER = com.furkanerzurumlu.dolapClone;
				PRODUCT_NAME = "$(TARGET_NAME)";
				SWIFT_VERSION = 5.0;
				TARGETED_DEVICE_FAMILY = "1,2";
			};
			name = Debug;
		};
		DC637FF627DE234C00CD9E23 /* Release */ = {
			isa = XCBuildConfiguration;
			buildSettings = {
				ASSETCATALOG_COMPILER_APPICON_NAME = AppIcon;
				ASSETCATALOG_COMPILER_GLOBAL_ACCENT_COLOR_NAME = AccentColor;
				CODE_SIGN_STYLE = Automatic;
				DEVELOPMENT_TEAM = NVN42XWXC5;
				INFOPLIST_FILE = dolapClone/Info.plist;
				LD_RUNPATH_SEARCH_PATHS = (
					"$(inherited)",
					"@executable_path/Frameworks",
				);
				PRODUCT_BUNDLE_IDENTIFIER = com.furkanerzurumlu.dolapClone;
				PRODUCT_NAME = "$(TARGET_NAME)";
				SWIFT_VERSION = 5.0;
				TARGETED_DEVICE_FAMILY = "1,2";
			};
			name = Release;
		};
/* End XCBuildConfiguration section */

/* Begin XCConfigurationList section */
		DC637FDB27DE234B00CD9E23 /* Build configuration list for PBXProject "dolapClone" */ = {
			isa = XCConfigurationList;
			buildConfigurations = (
				DC637FF227DE234C00CD9E23 /* Debug */,
				DC637FF327DE234C00CD9E23 /* Release */,
			);
			defaultConfigurationIsVisible = 0;
			defaultConfigurationName = Release;
		};
		DC637FF427DE234C00CD9E23 /* Build configuration list for PBXNativeTarget "dolapClone" */ = {
			isa = XCConfigurationList;
			buildConfigurations = (
				DC637FF527DE234C00CD9E23 /* Debug */,
				DC637FF627DE234C00CD9E23 /* Release */,
			);
			defaultConfigurationIsVisible = 0;
			defaultConfigurationName = Release;
		};
/* End XCConfigurationList section */
	};
	rootObject = DC637FD827DE234B00CD9E23 /* Project object */;
}
